
Microsoft Visual Studio Solution File, Format Version 12.00
# Visual Studio Version 16
VisualStudioVersion = 16.0.30626.31
MinimumVisualStudioVersion = 10.0.40219.1
Project("{FAE04EC0-301F-11D3-BF4B-00C04F79EFBC}") = "JewelleryStore.Web", "JewelleryStore.Web\JewelleryStore.Web.csproj", "{03404FA5-9650-44B4-AA2A-0FA4E5C5F79C}"
EndProject
Global
	GlobalSection(SolutionConfigurationPlatforms) = preSolution
		Debug|Any CPU = Debug|Any CPU
		Release|Any CPU = Release|Any CPU
	EndGlobalSection
	GlobalSection(ProjectConfigurationPlatforms) = postSolution
		{03404FA5-9650-44B4-AA2A-0FA4E5C5F79C}.Debug|Any CPU.ActiveCfg = Debug|Any CPU
		{03404FA5-9650-44B4-AA2A-0FA4E5C5F79C}.Debug|Any CPU.Build.0 = Debug|Any CPU
		{03404FA5-9650-44B4-AA2A-0FA4E5C5F79C}.Release|Any CPU.ActiveCfg = Release|Any CPU
		{03404FA5-9650-44B4-AA2A-0FA4E5C5F79C}.Release|Any CPU.Build.0 = Release|Any CPU
	EndGlobalSection
	GlobalSection(SolutionProperties) = preSolution
		HideSolutionNode = FALSE
	EndGlobalSection
	GlobalSection(ExtensibilityGlobals) = postSolution
		SolutionGuid = {E8FB4618-E255-4522-8A5F-5956EFB1F57F}
	EndGlobalSection
EndGlobal
